<?xml version="1.0" encoding="UTF-8" standalone="yes" ?>
<CodeBlocks_project_file>
	<FileVersion major="1" minor="6" />
	<Project>
		<Option title="game_jam" />
		<Option makefile_is_custom="1" />
		<Option pch_mode="2" />
		<Option compiler="gcc" />
		<Build>
			<Target title="Release">
				<Option output="game_jam" prefix_auto="1" extension_auto="1" />
				<Option type="1" />
				<Option compiler="gcc" />
				<Compiler>
					<Add option="-O2" />
					<Add option="-I source/" />
				</Compiler>
				<MakeCommands>
					<Build command="$make -f $makefile" />
					<CompileFile command="" />
					<Clean command="$make -f $makefile clean" />
					<DistClean command="$make -f $makefile distclean$target" />
					<AskRebuildNeeded command="$make -f $makefile clean" />
					<SilentBuild command="$make -f $makefile &gt; $(CMD_NULL)" />
				</MakeCommands>
			</Target>
		</Build>
		<Compiler>
			<Add option="-Wall" />
		</Compiler>
		<Unit filename="source/audio.cpp" />
		<Unit filename="source/audio.h" />
		<Unit filename="source/camera.cpp" />
		<Unit filename="source/draw.cpp" />
		<Unit filename="source/draw.h" />
		<Unit filename="source/entity.cpp" />
		<Unit filename="source/entity.h" />
		<Unit filename="source/entity_rocket_drone.cpp" />
		<Unit filename="source/ext/perlin.c">
			<Option compilerVar="CC" />
		</Unit>
		<Unit filename="source/globals.cpp" />
		<Unit filename="source/globals.h" />
		<Unit filename="source/light.cpp" />
		<Unit filename="source/light.h" />
		<Unit filename="source/main.cpp" />
		<Unit filename="source/map.cpp" />
		<Unit filename="source/map.h" />
		<Unit filename="source/player_controller.cpp" />
		<Unit filename="source/player_controller.h" />
		<Unit filename="source/resources.cpp" />
		<Unit filename="source/resources.h" />
		<Unit filename="source/state.cpp" />
		<Unit filename="source/state.h" />
		<Unit filename="source/state_game.cpp" />
		<Unit filename="source/state_splash.cpp" />
		<Unit filename="source/ui.cpp" />
		<Unit filename="source/ui.h" />
		<Extensions>
			<code_completion />
			<envvars />
			<debugger />
		</Extensions>
	</Project>
</CodeBlocks_project_file>
